
Microsoft Visual Studio Solution File, Format Version 12.00
# Visual Studio Version 17
VisualStudioVersion = 17.13.35913.81 d17.13
MinimumVisualStudioVersion = 10.0.40219.1
Project("{FAE04EC0-301F-11D3-BF4B-00C04F79EFBC}") = "ParadProg", "ParadProg\ParadProg.csproj", "{5521709A-3C9F-4343-B952-C74059A05097}"
EndProject
Global
	GlobalSection(SolutionConfigurationPlatforms) = preSolution
		Debug|Any CPU = Debug|Any CPU
		Release|Any CPU = Release|Any CPU
	EndGlobalSection
	GlobalSection(ProjectConfigurationPlatforms) = postSolution
		{5521709A-3C9F-4343-B952-C74059A05097}.Debug|Any CPU.ActiveCfg = Debug|Any CPU
		{5521709A-3C9F-4343-B952-C74059A05097}.Debug|Any CPU.Build.0 = Debug|Any CPU
		{5521709A-3C9F-4343-B952-C74059A05097}.Release|Any CPU.ActiveCfg = Release|Any CPU
		{5521709A-3C9F-4343-B952-C74059A05097}.Release|Any CPU.Build.0 = Release|Any CPU
	EndGlobalSection
	GlobalSection(SolutionProperties) = preSolution
		HideSolutionNode = FALSE
	EndGlobalSection
	GlobalSection(ExtensibilityGlobals) = postSolution
		SolutionGuid = {3E0A0C74-0495-4683-8426-7416AA659A81}
	EndGlobalSection
EndGlobal
